
Microsoft Visual Studio Solution File, Format Version 12.00
# Visual Studio Version 17
VisualStudioVersion = 17.9.34728.123
MinimumVisualStudioVersion = 10.0.40219.1
Project("{9A19103F-16F7-4668-BE54-9A1E7A4F7556}") = "19.09 Console App", "19.09 Console App.csproj", "{748255A4-A10A-4314-9240-B500D32A4487}"
EndProject
Global
	GlobalSection(SolutionConfigurationPlatforms) = preSolution
		Debug|Any CPU = Debug|Any CPU
		Release|Any CPU = Release|Any CPU
	EndGlobalSection
	GlobalSection(ProjectConfigurationPlatforms) = postSolution
		{748255A4-A10A-4314-9240-B500D32A4487}.Debug|Any CPU.ActiveCfg = Debug|Any CPU
		{748255A4-A10A-4314-9240-B500D32A4487}.Debug|Any CPU.Build.0 = Debug|Any CPU
		{748255A4-A10A-4314-9240-B500D32A4487}.Release|Any CPU.ActiveCfg = Release|Any CPU
		{748255A4-A10A-4314-9240-B500D32A4487}.Release|Any CPU.Build.0 = Release|Any CPU
	EndGlobalSection
	GlobalSection(SolutionProperties) = preSolution
		HideSolutionNode = FALSE
	EndGlobalSection
	GlobalSection(ExtensibilityGlobals) = postSolution
		SolutionGuid = {E4AF6757-FF69-4E71-8E93-8C28CC2BF1AD}
	EndGlobalSection
EndGlobal
